
Microsoft Visual Studio Solution File, Format Version 12.00
# Visual Studio Version 16
VisualStudioVersion = 16.0.30621.155
MinimumVisualStudioVersion = 10.0.40219.1
Project("{2150E333-8FDC-42A3-9474-1A3956D46DE8}") = "building-blocks", "building-blocks", "{27661072-4DDA-4FF4-8886-377A84A435CC}"
EndProject
Project("{FAE04EC0-301F-11D3-BF4B-00C04F79EFBC}") = "MVNormanNativeKit.Domain", "building-blocks\MVNormanNativeKit.Domain\MVNormanNativeKit.Domain.csproj", "{18FFB225-524C-43A3-9229-0C6C19C94CD2}"
EndProject
Project("{FAE04EC0-301F-11D3-BF4B-00C04F79EFBC}") = "MVNormanNativeKit.Infrastructure", "building-blocks\MVNormanNativeKit.Infrastructure\MVNormanNativeKit.Infrastructure.csproj", "{DCDF5FD3-9B98-4F36-9A16-C7EDB074EBFA}"
EndProject
Project("{FAE04EC0-301F-11D3-BF4B-00C04F79EFBC}") = "MVNormanNativeKit.Tools", "building-blocks\MVNormanNativeKit.Tools\MVNormanNativeKit.Tools.csproj", "{2557F8CE-243F-4C5B-8A13-386F63453891}"
EndProject
Project("{FAE04EC0-301F-11D3-BF4B-00C04F79EFBC}") = "MVNormanNativeKit.Infrastructure.Data", "building-blocks\MVNormanNativeKit.Infrastructure.Data\MVNormanNativeKit.Infrastructure.Data.csproj", "{86706C4F-1C4A-405A-B5C6-337616708948}"
EndProject
Project("{2150E333-8FDC-42A3-9474-1A3956D46DE8}") = "schema", "schema", "{D13CB97B-2E44-49A1-92E9-C35E0141659C}"
EndProject
Project("{2150E333-8FDC-42A3-9474-1A3956D46DE8}") = "grpc", "grpc", "{17800B92-2136-4333-B821-9C91AA4ED3D6}"
EndProject
Project("{2150E333-8FDC-42A3-9474-1A3956D46DE8}") = "v1", "v1", "{F1F73497-0320-471A-B775-08BCA6C8FCE3}"
ProjectSection(SolutionItems) = preProject
	schema\grpc\v1\monkey-player.proto = schema\grpc\v1\monkey-player.proto
EndProjectSection
EndProject
Project("{2150E333-8FDC-42A3-9474-1A3956D46DE8}") = "microservices", "microservices", "{36A3107A-F5F4-4F7B-A9FE-1D0FEDF0BD38}"
EndProject
Project("{2150E333-8FDC-42A3-9474-1A3956D46DE8}") = "docker-compose", "docker-compose", "{0453DCA8-4B5B-4BFC-B7AE-4AF54812AB2E}"
ProjectSection(SolutionItems) = preProject
	docker-compose\docker-compose.yml = docker-compose\docker-compose.yml
EndProjectSection
EndProject
Project("{FAE04EC0-301F-11D3-BF4B-00C04F79EFBC}") = "MP.Shared.Events", "microservices\MP.Shared.Events\MP.Shared.Events.csproj", "{741E2AED-918B-4243-9268-98824C1550DB}"
EndProject
Global
	GlobalSection(SolutionConfigurationPlatforms) = preSolution
		Debug|Any CPU = Debug|Any CPU
		Release|Any CPU = Release|Any CPU
	EndGlobalSection
	GlobalSection(ProjectConfigurationPlatforms) = postSolution
		{18FFB225-524C-43A3-9229-0C6C19C94CD2}.Debug|Any CPU.ActiveCfg = Debug|Any CPU
		{18FFB225-524C-43A3-9229-0C6C19C94CD2}.Debug|Any CPU.Build.0 = Debug|Any CPU
		{18FFB225-524C-43A3-9229-0C6C19C94CD2}.Release|Any CPU.ActiveCfg = Release|Any CPU
		{18FFB225-524C-43A3-9229-0C6C19C94CD2}.Release|Any CPU.Build.0 = Release|Any CPU
		{DCDF5FD3-9B98-4F36-9A16-C7EDB074EBFA}.Debug|Any CPU.ActiveCfg = Debug|Any CPU
		{DCDF5FD3-9B98-4F36-9A16-C7EDB074EBFA}.Debug|Any CPU.Build.0 = Debug|Any CPU
		{DCDF5FD3-9B98-4F36-9A16-C7EDB074EBFA}.Release|Any CPU.ActiveCfg = Release|Any CPU
		{DCDF5FD3-9B98-4F36-9A16-C7EDB074EBFA}.Release|Any CPU.Build.0 = Release|Any CPU
		{2557F8CE-243F-4C5B-8A13-386F63453891}.Debug|Any CPU.ActiveCfg = Debug|Any CPU
		{2557F8CE-243F-4C5B-8A13-386F63453891}.Debug|Any CPU.Build.0 = Debug|Any CPU
		{2557F8CE-243F-4C5B-8A13-386F63453891}.Release|Any CPU.ActiveCfg = Release|Any CPU
		{2557F8CE-243F-4C5B-8A13-386F63453891}.Release|Any CPU.Build.0 = Release|Any CPU
		{86706C4F-1C4A-405A-B5C6-337616708948}.Debug|Any CPU.ActiveCfg = Debug|Any CPU
		{86706C4F-1C4A-405A-B5C6-337616708948}.Debug|Any CPU.Build.0 = Debug|Any CPU
		{86706C4F-1C4A-405A-B5C6-337616708948}.Release|Any CPU.ActiveCfg = Release|Any CPU
		{86706C4F-1C4A-405A-B5C6-337616708948}.Release|Any CPU.Build.0 = Release|Any CPU
		{741E2AED-918B-4243-9268-98824C1550DB}.Debug|Any CPU.ActiveCfg = Debug|Any CPU
		{741E2AED-918B-4243-9268-98824C1550DB}.Debug|Any CPU.Build.0 = Debug|Any CPU
		{741E2AED-918B-4243-9268-98824C1550DB}.Release|Any CPU.ActiveCfg = Release|Any CPU
		{741E2AED-918B-4243-9268-98824C1550DB}.Release|Any CPU.Build.0 = Release|Any CPU
	EndGlobalSection
	GlobalSection(SolutionProperties) = preSolution
		HideSolutionNode = FALSE
	EndGlobalSection
	GlobalSection(NestedProjects) = preSolution
		{18FFB225-524C-43A3-9229-0C6C19C94CD2} = {27661072-4DDA-4FF4-8886-377A84A435CC}
		{DCDF5FD3-9B98-4F36-9A16-C7EDB074EBFA} = {27661072-4DDA-4FF4-8886-377A84A435CC}
		{2557F8CE-243F-4C5B-8A13-386F63453891} = {27661072-4DDA-4FF4-8886-377A84A435CC}
		{86706C4F-1C4A-405A-B5C6-337616708948} = {27661072-4DDA-4FF4-8886-377A84A435CC}
		{17800B92-2136-4333-B821-9C91AA4ED3D6} = {D13CB97B-2E44-49A1-92E9-C35E0141659C}
		{F1F73497-0320-471A-B775-08BCA6C8FCE3} = {17800B92-2136-4333-B821-9C91AA4ED3D6}
		{741E2AED-918B-4243-9268-98824C1550DB} = {36A3107A-F5F4-4F7B-A9FE-1D0FEDF0BD38}
	EndGlobalSection
	GlobalSection(ExtensibilityGlobals) = postSolution
		SolutionGuid = {1417424B-7A8A-4441-932A-5C4A050BE308}
	EndGlobalSection
EndGlobal
